
Microsoft Visual Studio Solution File, Format Version 12.00
# Visual Studio 2013
VisualStudioVersion = 12.0.31101.0
MinimumVisualStudioVersion = 10.0.40219.1
Project("{8BC9CEB8-8B4A-11D0-8D11-00A0C91BC942}") = "Algorithms", "Algorithms.vcxproj", "{531BF705-5FFC-44A9-8897-5A72691FAE12}"
EndProject
Project("{8BC9CEB8-8B4A-11D0-8D11-00A0C91BC942}") = "BigNumber", "BigNumber\BigNumber.vcxproj", "{F8F3BDB6-9DC0-4650-9DEC-454CE2E616AE}"
EndProject
Project("{2150E333-8FDC-42A3-9474-1A3956D46DE8}") = "第二章 递归与分治", "第二章 递归与分治", "{A2281DF4-0DF5-4583-9CCC-2120C1D95F83}"
EndProject
Project("{8BC9CEB8-8B4A-11D0-8D11-00A0C91BC942}") = "Chess", "Chess\Chess.vcxproj", "{A0E37FD9-95E7-4481-9826-9B75B76C8D84}"
EndProject
Project("{8BC9CEB8-8B4A-11D0-8D11-00A0C91BC942}") = "Permutation", "Permutation\Permutation.vcxproj", "{8C4840D8-61F6-4ED5-8396-426B6B19D515}"
EndProject
Project("{8BC9CEB8-8B4A-11D0-8D11-00A0C91BC942}") = "SbPicture", "SbPicture\SbPicture.vcxproj", "{2D86F945-BAB9-4199-8F40-7FC2EDF2AECF}"
EndProject
Project("{8BC9CEB8-8B4A-11D0-8D11-00A0C91BC942}") = "BigNumber-Easy Version", "BigNumber-Easy Version\BigNumber-Easy Version.vcxproj", "{1CBEC7FC-1126-4BEA-9805-57498D10B8BF}"
EndProject
Project("{8BC9CEB8-8B4A-11D0-8D11-00A0C91BC942}") = "sudoku", "sudoku\sudoku.vcxproj", "{5B13C9E8-B906-4917-AFA7-981428B1CD3E}"
EndProject
Project("{2150E333-8FDC-42A3-9474-1A3956D46DE8}") = "分支界限算法", "分支界限算法", "{DE0B4C53-5F0B-487B-8E32-1D229CA4B62E}"
EndProject
Project("{8BC9CEB8-8B4A-11D0-8D11-00A0C91BC942}") = "Astar", "Astar\Astar.vcxproj", "{CDFDD2F6-E27D-41BA-BDBE-96DD1A3CDA1E}"
EndProject
Project("{8BC9CEB8-8B4A-11D0-8D11-00A0C91BC942}") = "List_Poly", "List_Poly\List_Poly.vcxproj", "{8C8904B3-55DB-4C3C-A17F-77E5ACA06333}"
EndProject
Project("{2150E333-8FDC-42A3-9474-1A3956D46DE8}") = "第五章 深搜与宽搜", "第五章 深搜与宽搜", "{12BDABF0-2DC1-45AC-BB22-CBBB5E609F9C}"
EndProject
Project("{8BC9CEB8-8B4A-11D0-8D11-00A0C91BC942}") = "5-6无和集问题", "5-6无和集问题\5-6无和集问题.vcxproj", "{500CADF2-5685-434A-A7B8-753AD0F468CF}"
EndProject
Project("{8BC9CEB8-8B4A-11D0-8D11-00A0C91BC942}") = "Knn 堆实现", "Knn 堆实现\Knn 堆实现.vcxproj", "{95E5DB7E-06FC-4FE2-8212-C83148387774}"
EndProject
Project("{2150E333-8FDC-42A3-9474-1A3956D46DE8}") = "模式识别", "模式识别", "{63E150D2-C49D-4D3B-AFEF-1E779E9D6F14}"
EndProject
Project("{888888A0-9F3D-457C-B088-3A5042F75D52}") = "Knn", "Knn\Knn.pyproj", "{D2BE3C34-4B20-4D75-9DBD-37B922F2C864}"
EndProject
Project("{2150E333-8FDC-42A3-9474-1A3956D46DE8}") = "博弈问题", "博弈问题", "{22E193FD-3A8C-424A-8A14-C12F7C951F65}"
EndProject
Project("{8BC9CEB8-8B4A-11D0-8D11-00A0C91BC942}") = "Game", "Game\Game.vcxproj", "{35AD2481-5636-4266-B143-1A4CAF3434FA}"
EndProject
Project("{2150E333-8FDC-42A3-9474-1A3956D46DE8}") = "第五章 回溯法", "第五章 回溯法", "{7E6F8C02-CB39-4476-828C-3C459CDDA318}"
EndProject
Project("{8BC9CEB8-8B4A-11D0-8D11-00A0C91BC942}") = "dfs 遍历地图", "dfs 遍历地图\dfs 遍历地图.vcxproj", "{CFB821E5-51DC-4578-A518-78A7E1CC8B6A}"
EndProject
Project("{8BC9CEB8-8B4A-11D0-8D11-00A0C91BC942}") = "dfs 遍历地图（栈实现）", "dfs 遍历地图（栈实现）\dfs 遍历地图（栈实现）.vcxproj", "{2BCDA09A-8638-4BAC-9D31-674AD975C9B9}"
EndProject
Project("{8BC9CEB8-8B4A-11D0-8D11-00A0C91BC942}") = "0-1 Bag", "0-1 Bag\0-1 Bag.vcxproj", "{0AD5FA8B-42E5-46FF-A01A-3C1DE270D97E}"
EndProject
Project("{8BC9CEB8-8B4A-11D0-8D11-00A0C91BC942}") = "HuffmanTree", "HuffmanTree\HuffmanTree.vcxproj", "{FA44E531-173B-43FD-B9C2-7FCD5503F1DF}"
EndProject
Project("{8BC9CEB8-8B4A-11D0-8D11-00A0C91BC942}") = "Data Structure", "Data Sturcture\Data Structure.vcxproj", "{34BB839C-966A-4381-9369-C2DB778F9E3D}"
EndProject
Project("{2150E333-8FDC-42A3-9474-1A3956D46DE8}") = "STL", "STL", "{B0889489-7906-4FE6-AE62-59E122F03417}"
EndProject
Project("{8BC9CEB8-8B4A-11D0-8D11-00A0C91BC942}") = "SegmentTree", "SegmentTree\SegmentTree.vcxproj", "{F01CF506-EECE-4871-BB67-8067041B2AD7}"
EndProject
Project("{8BC9CEB8-8B4A-11D0-8D11-00A0C91BC942}") = "单元测试", "单元测试\单元测试.vcxproj", "{9C543942-EAA7-409A-A9D8-7CC60D09AD21}"
EndProject
Global
	GlobalSection(SolutionConfigurationPlatforms) = preSolution
		Debug|Any CPU = Debug|Any CPU
		Debug|Mixed Platforms = Debug|Mixed Platforms
		Debug|Win32 = Debug|Win32
		Debug|x64 = Debug|x64
		Release|Any CPU = Release|Any CPU
		Release|Mixed Platforms = Release|Mixed Platforms
		Release|Win32 = Release|Win32
		Release|x64 = Release|x64
	EndGlobalSection
	GlobalSection(ProjectConfigurationPlatforms) = postSolution
		{531BF705-5FFC-44A9-8897-5A72691FAE12}.Debug|Any CPU.ActiveCfg = Debug|Win32
		{531BF705-5FFC-44A9-8897-5A72691FAE12}.Debug|Mixed Platforms.ActiveCfg = Debug|Win32
		{531BF705-5FFC-44A9-8897-5A72691FAE12}.Debug|Win32.ActiveCfg = Debug|Win32
		{531BF705-5FFC-44A9-8897-5A72691FAE12}.Debug|Win32.Build.0 = Debug|Win32
		{531BF705-5FFC-44A9-8897-5A72691FAE12}.Debug|x64.ActiveCfg = Debug|Win32
		{531BF705-5FFC-44A9-8897-5A72691FAE12}.Release|Any CPU.ActiveCfg = Release|Win32
		{531BF705-5FFC-44A9-8897-5A72691FAE12}.Release|Mixed Platforms.ActiveCfg = Release|Win32
		{531BF705-5FFC-44A9-8897-5A72691FAE12}.Release|Win32.ActiveCfg = Release|Win32
		{531BF705-5FFC-44A9-8897-5A72691FAE12}.Release|Win32.Build.0 = Release|Win32
		{531BF705-5FFC-44A9-8897-5A72691FAE12}.Release|x64.ActiveCfg = Release|Win32
		{F8F3BDB6-9DC0-4650-9DEC-454CE2E616AE}.Debug|Any CPU.ActiveCfg = Debug|Win32
		{F8F3BDB6-9DC0-4650-9DEC-454CE2E616AE}.Debug|Mixed Platforms.ActiveCfg = Debug|Win32
		{F8F3BDB6-9DC0-4650-9DEC-454CE2E616AE}.Debug|Win32.ActiveCfg = Debug|Win32
		{F8F3BDB6-9DC0-4650-9DEC-454CE2E616AE}.Debug|Win32.Build.0 = Debug|Win32
		{F8F3BDB6-9DC0-4650-9DEC-454CE2E616AE}.Debug|x64.ActiveCfg = Debug|Win32
		{F8F3BDB6-9DC0-4650-9DEC-454CE2E616AE}.Release|Any CPU.ActiveCfg = Release|Win32
		{F8F3BDB6-9DC0-4650-9DEC-454CE2E616AE}.Release|Mixed Platforms.ActiveCfg = Release|Win32
		{F8F3BDB6-9DC0-4650-9DEC-454CE2E616AE}.Release|Win32.ActiveCfg = Release|Win32
		{F8F3BDB6-9DC0-4650-9DEC-454CE2E616AE}.Release|Win32.Build.0 = Release|Win32
		{F8F3BDB6-9DC0-4650-9DEC-454CE2E616AE}.Release|x64.ActiveCfg = Release|Win32
		{A0E37FD9-95E7-4481-9826-9B75B76C8D84}.Debug|Any CPU.ActiveCfg = Debug|Win32
		{A0E37FD9-95E7-4481-9826-9B75B76C8D84}.Debug|Mixed Platforms.ActiveCfg = Debug|Win32
		{A0E37FD9-95E7-4481-9826-9B75B76C8D84}.Debug|Win32.ActiveCfg = Debug|Win32
		{A0E37FD9-95E7-4481-9826-9B75B76C8D84}.Debug|Win32.Build.0 = Debug|Win32
		{A0E37FD9-95E7-4481-9826-9B75B76C8D84}.Debug|x64.ActiveCfg = Debug|Win32
		{A0E37FD9-95E7-4481-9826-9B75B76C8D84}.Release|Any CPU.ActiveCfg = Release|Win32
		{A0E37FD9-95E7-4481-9826-9B75B76C8D84}.Release|Mixed Platforms.ActiveCfg = Release|Win32
		{A0E37FD9-95E7-4481-9826-9B75B76C8D84}.Release|Win32.ActiveCfg = Release|Win32
		{A0E37FD9-95E7-4481-9826-9B75B76C8D84}.Release|Win32.Build.0 = Release|Win32
		{A0E37FD9-95E7-4481-9826-9B75B76C8D84}.Release|x64.ActiveCfg = Release|Win32
		{8C4840D8-61F6-4ED5-8396-426B6B19D515}.Debug|Any CPU.ActiveCfg = Debug|Win32
		{8C4840D8-61F6-4ED5-8396-426B6B19D515}.Debug|Mixed Platforms.ActiveCfg = Debug|Win32
		{8C4840D8-61F6-4ED5-8396-426B6B19D515}.Debug|Win32.ActiveCfg = Debug|Win32
		{8C4840D8-61F6-4ED5-8396-426B6B19D515}.Debug|Win32.Build.0 = Debug|Win32
		{8C4840D8-61F6-4ED5-8396-426B6B19D515}.Debug|x64.ActiveCfg = Debug|Win32
		{8C4840D8-61F6-4ED5-8396-426B6B19D515}.Release|Any CPU.ActiveCfg = Release|Win32
		{8C4840D8-61F6-4ED5-8396-426B6B19D515}.Release|Mixed Platforms.ActiveCfg = Release|Win32
		{8C4840D8-61F6-4ED5-8396-426B6B19D515}.Release|Win32.ActiveCfg = Release|Win32
		{8C4840D8-61F6-4ED5-8396-426B6B19D515}.Release|Win32.Build.0 = Release|Win32
		{8C4840D8-61F6-4ED5-8396-426B6B19D515}.Release|x64.ActiveCfg = Release|Win32
		{2D86F945-BAB9-4199-8F40-7FC2EDF2AECF}.Debug|Any CPU.ActiveCfg = Debug|Win32
		{2D86F945-BAB9-4199-8F40-7FC2EDF2AECF}.Debug|Mixed Platforms.ActiveCfg = Debug|Win32
		{2D86F945-BAB9-4199-8F40-7FC2EDF2AECF}.Debug|Win32.ActiveCfg = Debug|Win32
		{2D86F945-BAB9-4199-8F40-7FC2EDF2AECF}.Debug|Win32.Build.0 = Debug|Win32
		{2D86F945-BAB9-4199-8F40-7FC2EDF2AECF}.Debug|x64.ActiveCfg = Debug|Win32
		{2D86F945-BAB9-4199-8F40-7FC2EDF2AECF}.Release|Any CPU.ActiveCfg = Release|Win32
		{2D86F945-BAB9-4199-8F40-7FC2EDF2AECF}.Release|Mixed Platforms.ActiveCfg = Release|Win32
		{2D86F945-BAB9-4199-8F40-7FC2EDF2AECF}.Release|Win32.ActiveCfg = Release|Win32
		{2D86F945-BAB9-4199-8F40-7FC2EDF2AECF}.Release|Win32.Build.0 = Release|Win32
		{2D86F945-BAB9-4199-8F40-7FC2EDF2AECF}.Release|x64.ActiveCfg = Release|Win32
		{1CBEC7FC-1126-4BEA-9805-57498D10B8BF}.Debug|Any CPU.ActiveCfg = Debug|Win32
		{1CBEC7FC-1126-4BEA-9805-57498D10B8BF}.Debug|Mixed Platforms.ActiveCfg = Debug|Win32
		{1CBEC7FC-1126-4BEA-9805-57498D10B8BF}.Debug|Win32.ActiveCfg = Debug|Win32
		{1CBEC7FC-1126-4BEA-9805-57498D10B8BF}.Debug|Win32.Build.0 = Debug|Win32
		{1CBEC7FC-1126-4BEA-9805-57498D10B8BF}.Debug|x64.ActiveCfg = Debug|Win32
		{1CBEC7FC-1126-4BEA-9805-57498D10B8BF}.Release|Any CPU.ActiveCfg = Release|Win32
		{1CBEC7FC-1126-4BEA-9805-57498D10B8BF}.Release|Mixed Platforms.ActiveCfg = Release|Win32
		{1CBEC7FC-1126-4BEA-9805-57498D10B8BF}.Release|Win32.ActiveCfg = Release|Win32
		{1CBEC7FC-1126-4BEA-9805-57498D10B8BF}.Release|Win32.Build.0 = Release|Win32
		{1CBEC7FC-1126-4BEA-9805-57498D10B8BF}.Release|x64.ActiveCfg = Release|Win32
		{5B13C9E8-B906-4917-AFA7-981428B1CD3E}.Debug|Any CPU.ActiveCfg = Debug|Win32
		{5B13C9E8-B906-4917-AFA7-981428B1CD3E}.Debug|Mixed Platforms.ActiveCfg = Debug|Win32
		{5B13C9E8-B906-4917-AFA7-981428B1CD3E}.Debug|Mixed Platforms.Build.0 = Debug|Win32
		{5B13C9E8-B906-4917-AFA7-981428B1CD3E}.Debug|Win32.ActiveCfg = Debug|Win32
		{5B13C9E8-B906-4917-AFA7-981428B1CD3E}.Debug|Win32.Build.0 = Debug|Win32
		{5B13C9E8-B906-4917-AFA7-981428B1CD3E}.Debug|x64.ActiveCfg = Debug|Win32
		{5B13C9E8-B906-4917-AFA7-981428B1CD3E}.Release|Any CPU.ActiveCfg = Release|Win32
		{5B13C9E8-B906-4917-AFA7-981428B1CD3E}.Release|Mixed Platforms.ActiveCfg = Release|Win32
		{5B13C9E8-B906-4917-AFA7-981428B1CD3E}.Release|Mixed Platforms.Build.0 = Release|Win32
		{5B13C9E8-B906-4917-AFA7-981428B1CD3E}.Release|Win32.ActiveCfg = Release|Win32
		{5B13C9E8-B906-4917-AFA7-981428B1CD3E}.Release|Win32.Build.0 = Release|Win32
		{5B13C9E8-B906-4917-AFA7-981428B1CD3E}.Release|x64.ActiveCfg = Release|Win32
		{CDFDD2F6-E27D-41BA-BDBE-96DD1A3CDA1E}.Debug|Any CPU.ActiveCfg = Debug|Win32
		{CDFDD2F6-E27D-41BA-BDBE-96DD1A3CDA1E}.Debug|Mixed Platforms.ActiveCfg = Debug|Win32
		{CDFDD2F6-E27D-41BA-BDBE-96DD1A3CDA1E}.Debug|Win32.ActiveCfg = Debug|Win32
		{CDFDD2F6-E27D-41BA-BDBE-96DD1A3CDA1E}.Debug|Win32.Build.0 = Debug|Win32
		{CDFDD2F6-E27D-41BA-BDBE-96DD1A3CDA1E}.Debug|x64.ActiveCfg = Debug|Win32
		{CDFDD2F6-E27D-41BA-BDBE-96DD1A3CDA1E}.Release|Any CPU.ActiveCfg = Release|Win32
		{CDFDD2F6-E27D-41BA-BDBE-96DD1A3CDA1E}.Release|Mixed Platforms.ActiveCfg = Release|Win32
		{CDFDD2F6-E27D-41BA-BDBE-96DD1A3CDA1E}.Release|Win32.ActiveCfg = Release|Win32
		{CDFDD2F6-E27D-41BA-BDBE-96DD1A3CDA1E}.Release|Win32.Build.0 = Release|Win32
		{CDFDD2F6-E27D-41BA-BDBE-96DD1A3CDA1E}.Release|x64.ActiveCfg = Release|Win32
		{8C8904B3-55DB-4C3C-A17F-77E5ACA06333}.Debug|Any CPU.ActiveCfg = Debug|Win32
		{8C8904B3-55DB-4C3C-A17F-77E5ACA06333}.Debug|Mixed Platforms.ActiveCfg = Debug|Win32
		{8C8904B3-55DB-4C3C-A17F-77E5ACA06333}.Debug|Win32.ActiveCfg = Debug|Win32
		{8C8904B3-55DB-4C3C-A17F-77E5ACA06333}.Debug|Win32.Build.0 = Debug|Win32
		{8C8904B3-55DB-4C3C-A17F-77E5ACA06333}.Debug|x64.ActiveCfg = Debug|Win32
		{8C8904B3-55DB-4C3C-A17F-77E5ACA06333}.Release|Any CPU.ActiveCfg = Release|Win32
		{8C8904B3-55DB-4C3C-A17F-77E5ACA06333}.Release|Mixed Platforms.ActiveCfg = Release|Win32
		{8C8904B3-55DB-4C3C-A17F-77E5ACA06333}.Release|Win32.ActiveCfg = Release|Win32
		{8C8904B3-55DB-4C3C-A17F-77E5ACA06333}.Release|Win32.Build.0 = Release|Win32
		{8C8904B3-55DB-4C3C-A17F-77E5ACA06333}.Release|x64.ActiveCfg = Release|Win32
		{500CADF2-5685-434A-A7B8-753AD0F468CF}.Debug|Any CPU.ActiveCfg = Debug|Win32
		{500CADF2-5685-434A-A7B8-753AD0F468CF}.Debug|Mixed Platforms.ActiveCfg = Debug|Win32
		{500CADF2-5685-434A-A7B8-753AD0F468CF}.Debug|Mixed Platforms.Build.0 = Debug|Win32
		{500CADF2-5685-434A-A7B8-753AD0F468CF}.Debug|Win32.ActiveCfg = Debug|Win32
		{500CADF2-5685-434A-A7B8-753AD0F468CF}.Debug|Win32.Build.0 = Debug|Win32
		{500CADF2-5685-434A-A7B8-753AD0F468CF}.Debug|x64.ActiveCfg = Debug|Win32
		{500CADF2-5685-434A-A7B8-753AD0F468CF}.Release|Any CPU.ActiveCfg = Release|Win32
		{500CADF2-5685-434A-A7B8-753AD0F468CF}.Release|Mixed Platforms.ActiveCfg = Release|Win32
		{500CADF2-5685-434A-A7B8-753AD0F468CF}.Release|Mixed Platforms.Build.0 = Release|Win32
		{500CADF2-5685-434A-A7B8-753AD0F468CF}.Release|Win32.ActiveCfg = Release|Win32
		{500CADF2-5685-434A-A7B8-753AD0F468CF}.Release|Win32.Build.0 = Release|Win32
		{500CADF2-5685-434A-A7B8-753AD0F468CF}.Release|x64.ActiveCfg = Release|Win32
		{95E5DB7E-06FC-4FE2-8212-C83148387774}.Debug|Any CPU.ActiveCfg = Debug|Win32
		{95E5DB7E-06FC-4FE2-8212-C83148387774}.Debug|Mixed Platforms.ActiveCfg = Debug|Win32
		{95E5DB7E-06FC-4FE2-8212-C83148387774}.Debug|Mixed Platforms.Build.0 = Debug|Win32
		{95E5DB7E-06FC-4FE2-8212-C83148387774}.Debug|Win32.ActiveCfg = Debug|Win32
		{95E5DB7E-06FC-4FE2-8212-C83148387774}.Debug|Win32.Build.0 = Debug|Win32
		{95E5DB7E-06FC-4FE2-8212-C83148387774}.Debug|x64.ActiveCfg = Debug|Win32
		{95E5DB7E-06FC-4FE2-8212-C83148387774}.Release|Any CPU.ActiveCfg = Release|Win32
		{95E5DB7E-06FC-4FE2-8212-C83148387774}.Release|Mixed Platforms.ActiveCfg = Release|Win32
		{95E5DB7E-06FC-4FE2-8212-C83148387774}.Release|Mixed Platforms.Build.0 = Release|Win32
		{95E5DB7E-06FC-4FE2-8212-C83148387774}.Release|Win32.ActiveCfg = Release|Win32
		{95E5DB7E-06FC-4FE2-8212-C83148387774}.Release|Win32.Build.0 = Release|Win32
		{95E5DB7E-06FC-4FE2-8212-C83148387774}.Release|x64.ActiveCfg = Release|Win32
		{D2BE3C34-4B20-4D75-9DBD-37B922F2C864}.Debug|Any CPU.ActiveCfg = Debug|Any CPU
		{D2BE3C34-4B20-4D75-9DBD-37B922F2C864}.Debug|Mixed Platforms.ActiveCfg = Debug|Any CPU
		{D2BE3C34-4B20-4D75-9DBD-37B922F2C864}.Debug|Win32.ActiveCfg = Debug|Any CPU
		{D2BE3C34-4B20-4D75-9DBD-37B922F2C864}.Debug|x64.ActiveCfg = Debug|Any CPU
		{D2BE3C34-4B20-4D75-9DBD-37B922F2C864}.Release|Any CPU.ActiveCfg = Release|Any CPU
		{D2BE3C34-4B20-4D75-9DBD-37B922F2C864}.Release|Mixed Platforms.ActiveCfg = Release|Any CPU
		{D2BE3C34-4B20-4D75-9DBD-37B922F2C864}.Release|Win32.ActiveCfg = Release|Any CPU
		{D2BE3C34-4B20-4D75-9DBD-37B922F2C864}.Release|x64.ActiveCfg = Release|Any CPU
		{35AD2481-5636-4266-B143-1A4CAF3434FA}.Debug|Any CPU.ActiveCfg = Debug|Win32
		{35AD2481-5636-4266-B143-1A4CAF3434FA}.Debug|Mixed Platforms.ActiveCfg = Debug|Win32
		{35AD2481-5636-4266-B143-1A4CAF3434FA}.Debug|Mixed Platforms.Build.0 = Debug|Win32
		{35AD2481-5636-4266-B143-1A4CAF3434FA}.Debug|Win32.ActiveCfg = Debug|Win32
		{35AD2481-5636-4266-B143-1A4CAF3434FA}.Debug|Win32.Build.0 = Debug|Win32
		{35AD2481-5636-4266-B143-1A4CAF3434FA}.Debug|x64.ActiveCfg = Debug|Win32
		{35AD2481-5636-4266-B143-1A4CAF3434FA}.Release|Any CPU.ActiveCfg = Release|Win32
		{35AD2481-5636-4266-B143-1A4CAF3434FA}.Release|Mixed Platforms.ActiveCfg = Release|Win32
		{35AD2481-5636-4266-B143-1A4CAF3434FA}.Release|Mixed Platforms.Build.0 = Release|Win32
		{35AD2481-5636-4266-B143-1A4CAF3434FA}.Release|Win32.ActiveCfg = Release|Win32
		{35AD2481-5636-4266-B143-1A4CAF3434FA}.Release|Win32.Build.0 = Release|Win32
		{35AD2481-5636-4266-B143-1A4CAF3434FA}.Release|x64.ActiveCfg = Release|Win32
		{CFB821E5-51DC-4578-A518-78A7E1CC8B6A}.Debug|Any CPU.ActiveCfg = Debug|Win32
		{CFB821E5-51DC-4578-A518-78A7E1CC8B6A}.Debug|Mixed Platforms.ActiveCfg = Debug|Win32
		{CFB821E5-51DC-4578-A518-78A7E1CC8B6A}.Debug|Mixed Platforms.Build.0 = Debug|Win32
		{CFB821E5-51DC-4578-A518-78A7E1CC8B6A}.Debug|Win32.ActiveCfg = Debug|Win32
		{CFB821E5-51DC-4578-A518-78A7E1CC8B6A}.Debug|Win32.Build.0 = Debug|Win32
		{CFB821E5-51DC-4578-A518-78A7E1CC8B6A}.Debug|x64.ActiveCfg = Debug|Win32
		{CFB821E5-51DC-4578-A518-78A7E1CC8B6A}.Release|Any CPU.ActiveCfg = Release|Win32
		{CFB821E5-51DC-4578-A518-78A7E1CC8B6A}.Release|Mixed Platforms.ActiveCfg = Release|Win32
		{CFB821E5-51DC-4578-A518-78A7E1CC8B6A}.Release|Mixed Platforms.Build.0 = Release|Win32
		{CFB821E5-51DC-4578-A518-78A7E1CC8B6A}.Release|Win32.ActiveCfg = Release|Win32
		{CFB821E5-51DC-4578-A518-78A7E1CC8B6A}.Release|Win32.Build.0 = Release|Win32
		{CFB821E5-51DC-4578-A518-78A7E1CC8B6A}.Release|x64.ActiveCfg = Release|Win32
		{2BCDA09A-8638-4BAC-9D31-674AD975C9B9}.Debug|Any CPU.ActiveCfg = Debug|Win32
		{2BCDA09A-8638-4BAC-9D31-674AD975C9B9}.Debug|Mixed Platforms.ActiveCfg = Debug|Win32
		{2BCDA09A-8638-4BAC-9D31-674AD975C9B9}.Debug|Mixed Platforms.Build.0 = Debug|Win32
		{2BCDA09A-8638-4BAC-9D31-674AD975C9B9}.Debug|Win32.ActiveCfg = Debug|Win32
		{2BCDA09A-8638-4BAC-9D31-674AD975C9B9}.Debug|Win32.Build.0 = Debug|Win32
		{2BCDA09A-8638-4BAC-9D31-674AD975C9B9}.Debug|x64.ActiveCfg = Debug|Win32
		{2BCDA09A-8638-4BAC-9D31-674AD975C9B9}.Release|Any CPU.ActiveCfg = Release|Win32
		{2BCDA09A-8638-4BAC-9D31-674AD975C9B9}.Release|Mixed Platforms.ActiveCfg = Release|Win32
		{2BCDA09A-8638-4BAC-9D31-674AD975C9B9}.Release|Mixed Platforms.Build.0 = Release|Win32
		{2BCDA09A-8638-4BAC-9D31-674AD975C9B9}.Release|Win32.ActiveCfg = Release|Win32
		{2BCDA09A-8638-4BAC-9D31-674AD975C9B9}.Release|Win32.Build.0 = Release|Win32
		{2BCDA09A-8638-4BAC-9D31-674AD975C9B9}.Release|x64.ActiveCfg = Release|Win32
		{0AD5FA8B-42E5-46FF-A01A-3C1DE270D97E}.Debug|Any CPU.ActiveCfg = Debug|Win32
		{0AD5FA8B-42E5-46FF-A01A-3C1DE270D97E}.Debug|Mixed Platforms.ActiveCfg = Debug|Win32
		{0AD5FA8B-42E5-46FF-A01A-3C1DE270D97E}.Debug|Mixed Platforms.Build.0 = Debug|Win32
		{0AD5FA8B-42E5-46FF-A01A-3C1DE270D97E}.Debug|Win32.ActiveCfg = Debug|Win32
		{0AD5FA8B-42E5-46FF-A01A-3C1DE270D97E}.Debug|Win32.Build.0 = Debug|Win32
		{0AD5FA8B-42E5-46FF-A01A-3C1DE270D97E}.Debug|x64.ActiveCfg = Debug|Win32
		{0AD5FA8B-42E5-46FF-A01A-3C1DE270D97E}.Release|Any CPU.ActiveCfg = Release|Win32
		{0AD5FA8B-42E5-46FF-A01A-3C1DE270D97E}.Release|Mixed Platforms.ActiveCfg = Release|Win32
		{0AD5FA8B-42E5-46FF-A01A-3C1DE270D97E}.Release|Mixed Platforms.Build.0 = Release|Win32
		{0AD5FA8B-42E5-46FF-A01A-3C1DE270D97E}.Release|Win32.ActiveCfg = Release|Win32
		{0AD5FA8B-42E5-46FF-A01A-3C1DE270D97E}.Release|Win32.Build.0 = Release|Win32
		{0AD5FA8B-42E5-46FF-A01A-3C1DE270D97E}.Release|x64.ActiveCfg = Release|Win32
		{FA44E531-173B-43FD-B9C2-7FCD5503F1DF}.Debug|Any CPU.ActiveCfg = Debug|Win32
		{FA44E531-173B-43FD-B9C2-7FCD5503F1DF}.Debug|Mixed Platforms.ActiveCfg = Debug|Win32
		{FA44E531-173B-43FD-B9C2-7FCD5503F1DF}.Debug|Mixed Platforms.Build.0 = Debug|Win32
		{FA44E531-173B-43FD-B9C2-7FCD5503F1DF}.Debug|Win32.ActiveCfg = Debug|Win32
		{FA44E531-173B-43FD-B9C2-7FCD5503F1DF}.Debug|Win32.Build.0 = Debug|Win32
		{FA44E531-173B-43FD-B9C2-7FCD5503F1DF}.Debug|x64.ActiveCfg = Debug|Win32
		{FA44E531-173B-43FD-B9C2-7FCD5503F1DF}.Release|Any CPU.ActiveCfg = Release|Win32
		{FA44E531-173B-43FD-B9C2-7FCD5503F1DF}.Release|Mixed Platforms.ActiveCfg = Release|Win32
		{FA44E531-173B-43FD-B9C2-7FCD5503F1DF}.Release|Mixed Platforms.Build.0 = Release|Win32
		{FA44E531-173B-43FD-B9C2-7FCD5503F1DF}.Release|Win32.ActiveCfg = Release|Win32
		{FA44E531-173B-43FD-B9C2-7FCD5503F1DF}.Release|Win32.Build.0 = Release|Win32
		{FA44E531-173B-43FD-B9C2-7FCD5503F1DF}.Release|x64.ActiveCfg = Release|Win32
		{34BB839C-966A-4381-9369-C2DB778F9E3D}.Debug|Any CPU.ActiveCfg = Debug|Win32
		{34BB839C-966A-4381-9369-C2DB778F9E3D}.Debug|Mixed Platforms.ActiveCfg = Debug|Win32
		{34BB839C-966A-4381-9369-C2DB778F9E3D}.Debug|Mixed Platforms.Build.0 = Debug|Win32
		{34BB839C-966A-4381-9369-C2DB778F9E3D}.Debug|Win32.ActiveCfg = Debug|Win32
		{34BB839C-966A-4381-9369-C2DB778F9E3D}.Debug|Win32.Build.0 = Debug|Win32
		{34BB839C-966A-4381-9369-C2DB778F9E3D}.Debug|x64.ActiveCfg = Debug|Win32
		{34BB839C-966A-4381-9369-C2DB778F9E3D}.Release|Any CPU.ActiveCfg = Release|Win32
		{34BB839C-966A-4381-9369-C2DB778F9E3D}.Release|Mixed Platforms.ActiveCfg = Release|Win32
		{34BB839C-966A-4381-9369-C2DB778F9E3D}.Release|Mixed Platforms.Build.0 = Release|Win32
		{34BB839C-966A-4381-9369-C2DB778F9E3D}.Release|Win32.ActiveCfg = Release|Win32
		{34BB839C-966A-4381-9369-C2DB778F9E3D}.Release|Win32.Build.0 = Release|Win32
		{34BB839C-966A-4381-9369-C2DB778F9E3D}.Release|x64.ActiveCfg = Release|Win32
		{F01CF506-EECE-4871-BB67-8067041B2AD7}.Debug|Any CPU.ActiveCfg = Debug|Win32
		{F01CF506-EECE-4871-BB67-8067041B2AD7}.Debug|Mixed Platforms.ActiveCfg = Debug|Win32
		{F01CF506-EECE-4871-BB67-8067041B2AD7}.Debug|Mixed Platforms.Build.0 = Debug|Win32
		{F01CF506-EECE-4871-BB67-8067041B2AD7}.Debug|Win32.ActiveCfg = Debug|Win32
		{F01CF506-EECE-4871-BB67-8067041B2AD7}.Debug|Win32.Build.0 = Debug|Win32
		{F01CF506-EECE-4871-BB67-8067041B2AD7}.Debug|x64.ActiveCfg = Debug|Win32
		{F01CF506-EECE-4871-BB67-8067041B2AD7}.Release|Any CPU.ActiveCfg = Release|Win32
		{F01CF506-EECE-4871-BB67-8067041B2AD7}.Release|Mixed Platforms.ActiveCfg = Release|Win32
		{F01CF506-EECE-4871-BB67-8067041B2AD7}.Release|Mixed Platforms.Build.0 = Release|Win32
		{F01CF506-EECE-4871-BB67-8067041B2AD7}.Release|Win32.ActiveCfg = Release|Win32
		{F01CF506-EECE-4871-BB67-8067041B2AD7}.Release|Win32.Build.0 = Release|Win32
		{F01CF506-EECE-4871-BB67-8067041B2AD7}.Release|x64.ActiveCfg = Release|Win32
		{9C543942-EAA7-409A-A9D8-7CC60D09AD21}.Debug|Any CPU.ActiveCfg = Debug|Win32
		{9C543942-EAA7-409A-A9D8-7CC60D09AD21}.Debug|Mixed Platforms.ActiveCfg = Debug|Win32
		{9C543942-EAA7-409A-A9D8-7CC60D09AD21}.Debug|Mixed Platforms.Build.0 = Debug|Win32
		{9C543942-EAA7-409A-A9D8-7CC60D09AD21}.Debug|Win32.ActiveCfg = Debug|Win32
		{9C543942-EAA7-409A-A9D8-7CC60D09AD21}.Debug|Win32.Build.0 = Debug|Win32
		{9C543942-EAA7-409A-A9D8-7CC60D09AD21}.Debug|x64.ActiveCfg = Debug|Win32
		{9C543942-EAA7-409A-A9D8-7CC60D09AD21}.Release|Any CPU.ActiveCfg = Release|Win32
		{9C543942-EAA7-409A-A9D8-7CC60D09AD21}.Release|Mixed Platforms.ActiveCfg = Release|Win32
		{9C543942-EAA7-409A-A9D8-7CC60D09AD21}.Release|Mixed Platforms.Build.0 = Release|Win32
		{9C543942-EAA7-409A-A9D8-7CC60D09AD21}.Release|Win32.ActiveCfg = Release|Win32
		{9C543942-EAA7-409A-A9D8-7CC60D09AD21}.Release|Win32.Build.0 = Release|Win32
		{9C543942-EAA7-409A-A9D8-7CC60D09AD21}.Release|x64.ActiveCfg = Release|Win32
	EndGlobalSection
	GlobalSection(SolutionProperties) = preSolution
		HideSolutionNode = FALSE
	EndGlobalSection
	GlobalSection(NestedProjects) = preSolution
		{F8F3BDB6-9DC0-4650-9DEC-454CE2E616AE} = {A2281DF4-0DF5-4583-9CCC-2120C1D95F83}
		{A0E37FD9-95E7-4481-9826-9B75B76C8D84} = {A2281DF4-0DF5-4583-9CCC-2120C1D95F83}
		{8C4840D8-61F6-4ED5-8396-426B6B19D515} = {A2281DF4-0DF5-4583-9CCC-2120C1D95F83}
		{2D86F945-BAB9-4199-8F40-7FC2EDF2AECF} = {A2281DF4-0DF5-4583-9CCC-2120C1D95F83}
		{1CBEC7FC-1126-4BEA-9805-57498D10B8BF} = {A2281DF4-0DF5-4583-9CCC-2120C1D95F83}
		{CDFDD2F6-E27D-41BA-BDBE-96DD1A3CDA1E} = {DE0B4C53-5F0B-487B-8E32-1D229CA4B62E}
		{8C8904B3-55DB-4C3C-A17F-77E5ACA06333} = {B0889489-7906-4FE6-AE62-59E122F03417}
		{500CADF2-5685-434A-A7B8-753AD0F468CF} = {12BDABF0-2DC1-45AC-BB22-CBBB5E609F9C}
		{95E5DB7E-06FC-4FE2-8212-C83148387774} = {63E150D2-C49D-4D3B-AFEF-1E779E9D6F14}
		{D2BE3C34-4B20-4D75-9DBD-37B922F2C864} = {63E150D2-C49D-4D3B-AFEF-1E779E9D6F14}
		{35AD2481-5636-4266-B143-1A4CAF3434FA} = {22E193FD-3A8C-424A-8A14-C12F7C951F65}
		{CFB821E5-51DC-4578-A518-78A7E1CC8B6A} = {7E6F8C02-CB39-4476-828C-3C459CDDA318}
		{2BCDA09A-8638-4BAC-9D31-674AD975C9B9} = {7E6F8C02-CB39-4476-828C-3C459CDDA318}
		{0AD5FA8B-42E5-46FF-A01A-3C1DE270D97E} = {DE0B4C53-5F0B-487B-8E32-1D229CA4B62E}
		{FA44E531-173B-43FD-B9C2-7FCD5503F1DF} = {B0889489-7906-4FE6-AE62-59E122F03417}
		{34BB839C-966A-4381-9369-C2DB778F9E3D} = {B0889489-7906-4FE6-AE62-59E122F03417}
		{F01CF506-EECE-4871-BB67-8067041B2AD7} = {B0889489-7906-4FE6-AE62-59E122F03417}
		{9C543942-EAA7-409A-A9D8-7CC60D09AD21} = {B0889489-7906-4FE6-AE62-59E122F03417}
	EndGlobalSection
EndGlobal
