
Microsoft Visual Studio Solution File, Format Version 12.00
# Visual Studio 2013
VisualStudioVersion = 12.0.31101.0
MinimumVisualStudioVersion = 10.0.40219.1
Project("{8BC9CEB8-8B4A-11D0-8D11-00A0C91BC942}") = "Algorithms", "Algorithms.vcxproj", "{531BF705-5FFC-44A9-8897-5A72691FAE12}"
EndProject
Project("{8BC9CEB8-8B4A-11D0-8D11-00A0C91BC942}") = "BigNumber", "BigNumber\BigNumber.vcxproj", "{F8F3BDB6-9DC0-4650-9DEC-454CE2E616AE}"
EndProject
Project("{2150E333-8FDC-42A3-9474-1A3956D46DE8}") = "第二章 递归与分治", "第二章 递归与分治", "{A2281DF4-0DF5-4583-9CCC-2120C1D95F83}"
EndProject
Project("{8BC9CEB8-8B4A-11D0-8D11-00A0C91BC942}") = "Chess", "Chess\Chess.vcxproj", "{A0E37FD9-95E7-4481-9826-9B75B76C8D84}"
EndProject
Project("{8BC9CEB8-8B4A-11D0-8D11-00A0C91BC942}") = "Permutation", "Permutation\Permutation.vcxproj", "{8C4840D8-61F6-4ED5-8396-426B6B19D515}"
EndProject
Project("{8BC9CEB8-8B4A-11D0-8D11-00A0C91BC942}") = "SbPicture", "SbPicture\SbPicture.vcxproj", "{2D86F945-BAB9-4199-8F40-7FC2EDF2AECF}"
EndProject
Project("{8BC9CEB8-8B4A-11D0-8D11-00A0C91BC942}") = "BigNumber-Easy Version", "BigNumber-Easy Version\BigNumber-Easy Version.vcxproj", "{1CBEC7FC-1126-4BEA-9805-57498D10B8BF}"
EndProject
Project("{8BC9CEB8-8B4A-11D0-8D11-00A0C91BC942}") = "sudoku", "sudoku\sudoku.vcxproj", "{5B13C9E8-B906-4917-AFA7-981428B1CD3E}"
EndProject
Project("{2150E333-8FDC-42A3-9474-1A3956D46DE8}") = "分支界限算法", "分支界限算法", "{DE0B4C53-5F0B-487B-8E32-1D229CA4B62E}"
EndProject
Project("{8BC9CEB8-8B4A-11D0-8D11-00A0C91BC942}") = "Astar", "Astar\Astar.vcxproj", "{CDFDD2F6-E27D-41BA-BDBE-96DD1A3CDA1E}"
EndProject
Project("{8BC9CEB8-8B4A-11D0-8D11-00A0C91BC942}") = "List_Poly", "List_Poly\List_Poly.vcxproj", "{8C8904B3-55DB-4C3C-A17F-77E5ACA06333}"
EndProject
Project("{2150E333-8FDC-42A3-9474-1A3956D46DE8}") = "第五章 深搜与宽搜", "第五章 深搜与宽搜", "{12BDABF0-2DC1-45AC-BB22-CBBB5E609F9C}"
EndProject
Project("{8BC9CEB8-8B4A-11D0-8D11-00A0C91BC942}") = "5-6无和集问题", "5-6无和集问题\5-6无和集问题.vcxproj", "{500CADF2-5685-434A-A7B8-753AD0F468CF}"
EndProject
Project("{8BC9CEB8-8B4A-11D0-8D11-00A0C91BC942}") = "Knn 堆实现", "Knn 堆实现\Knn 堆实现.vcxproj", "{95E5DB7E-06FC-4FE2-8212-C83148387774}"
EndProject
Global
	GlobalSection(SolutionConfigurationPlatforms) = preSolution
		Debug|Win32 = Debug|Win32
		Release|Win32 = Release|Win32
	EndGlobalSection
	GlobalSection(ProjectConfigurationPlatforms) = postSolution
		{531BF705-5FFC-44A9-8897-5A72691FAE12}.Debug|Win32.ActiveCfg = Debug|Win32
		{531BF705-5FFC-44A9-8897-5A72691FAE12}.Debug|Win32.Build.0 = Debug|Win32
		{531BF705-5FFC-44A9-8897-5A72691FAE12}.Release|Win32.ActiveCfg = Release|Win32
		{531BF705-5FFC-44A9-8897-5A72691FAE12}.Release|Win32.Build.0 = Release|Win32
		{F8F3BDB6-9DC0-4650-9DEC-454CE2E616AE}.Debug|Win32.ActiveCfg = Debug|Win32
		{F8F3BDB6-9DC0-4650-9DEC-454CE2E616AE}.Debug|Win32.Build.0 = Debug|Win32
		{F8F3BDB6-9DC0-4650-9DEC-454CE2E616AE}.Release|Win32.ActiveCfg = Release|Win32
		{F8F3BDB6-9DC0-4650-9DEC-454CE2E616AE}.Release|Win32.Build.0 = Release|Win32
		{A0E37FD9-95E7-4481-9826-9B75B76C8D84}.Debug|Win32.ActiveCfg = Debug|Win32
		{A0E37FD9-95E7-4481-9826-9B75B76C8D84}.Debug|Win32.Build.0 = Debug|Win32
		{A0E37FD9-95E7-4481-9826-9B75B76C8D84}.Release|Win32.ActiveCfg = Release|Win32
		{A0E37FD9-95E7-4481-9826-9B75B76C8D84}.Release|Win32.Build.0 = Release|Win32
		{8C4840D8-61F6-4ED5-8396-426B6B19D515}.Debug|Win32.ActiveCfg = Debug|Win32
		{8C4840D8-61F6-4ED5-8396-426B6B19D515}.Debug|Win32.Build.0 = Debug|Win32
		{8C4840D8-61F6-4ED5-8396-426B6B19D515}.Release|Win32.ActiveCfg = Release|Win32
		{8C4840D8-61F6-4ED5-8396-426B6B19D515}.Release|Win32.Build.0 = Release|Win32
		{2D86F945-BAB9-4199-8F40-7FC2EDF2AECF}.Debug|Win32.ActiveCfg = Debug|Win32
		{2D86F945-BAB9-4199-8F40-7FC2EDF2AECF}.Debug|Win32.Build.0 = Debug|Win32
		{2D86F945-BAB9-4199-8F40-7FC2EDF2AECF}.Release|Win32.ActiveCfg = Release|Win32
		{2D86F945-BAB9-4199-8F40-7FC2EDF2AECF}.Release|Win32.Build.0 = Release|Win32
		{1CBEC7FC-1126-4BEA-9805-57498D10B8BF}.Debug|Win32.ActiveCfg = Debug|Win32
		{1CBEC7FC-1126-4BEA-9805-57498D10B8BF}.Debug|Win32.Build.0 = Debug|Win32
		{1CBEC7FC-1126-4BEA-9805-57498D10B8BF}.Release|Win32.ActiveCfg = Release|Win32
		{1CBEC7FC-1126-4BEA-9805-57498D10B8BF}.Release|Win32.Build.0 = Release|Win32
		{5B13C9E8-B906-4917-AFA7-981428B1CD3E}.Debug|Win32.ActiveCfg = Debug|Win32
		{5B13C9E8-B906-4917-AFA7-981428B1CD3E}.Debug|Win32.Build.0 = Debug|Win32
		{5B13C9E8-B906-4917-AFA7-981428B1CD3E}.Release|Win32.ActiveCfg = Release|Win32
		{5B13C9E8-B906-4917-AFA7-981428B1CD3E}.Release|Win32.Build.0 = Release|Win32
		{CDFDD2F6-E27D-41BA-BDBE-96DD1A3CDA1E}.Debug|Win32.ActiveCfg = Debug|Win32
		{CDFDD2F6-E27D-41BA-BDBE-96DD1A3CDA1E}.Debug|Win32.Build.0 = Debug|Win32
		{CDFDD2F6-E27D-41BA-BDBE-96DD1A3CDA1E}.Release|Win32.ActiveCfg = Release|Win32
		{CDFDD2F6-E27D-41BA-BDBE-96DD1A3CDA1E}.Release|Win32.Build.0 = Release|Win32
		{8C8904B3-55DB-4C3C-A17F-77E5ACA06333}.Debug|Win32.ActiveCfg = Debug|Win32
		{8C8904B3-55DB-4C3C-A17F-77E5ACA06333}.Debug|Win32.Build.0 = Debug|Win32
		{8C8904B3-55DB-4C3C-A17F-77E5ACA06333}.Release|Win32.ActiveCfg = Release|Win32
		{8C8904B3-55DB-4C3C-A17F-77E5ACA06333}.Release|Win32.Build.0 = Release|Win32
		{500CADF2-5685-434A-A7B8-753AD0F468CF}.Debug|Win32.ActiveCfg = Debug|Win32
		{500CADF2-5685-434A-A7B8-753AD0F468CF}.Debug|Win32.Build.0 = Debug|Win32
		{500CADF2-5685-434A-A7B8-753AD0F468CF}.Release|Win32.ActiveCfg = Release|Win32
		{500CADF2-5685-434A-A7B8-753AD0F468CF}.Release|Win32.Build.0 = Release|Win32
		{95E5DB7E-06FC-4FE2-8212-C83148387774}.Debug|Win32.ActiveCfg = Debug|Win32
		{95E5DB7E-06FC-4FE2-8212-C83148387774}.Debug|Win32.Build.0 = Debug|Win32
		{95E5DB7E-06FC-4FE2-8212-C83148387774}.Release|Win32.ActiveCfg = Release|Win32
		{95E5DB7E-06FC-4FE2-8212-C83148387774}.Release|Win32.Build.0 = Release|Win32
	EndGlobalSection
	GlobalSection(SolutionProperties) = preSolution
		HideSolutionNode = FALSE
	EndGlobalSection
	GlobalSection(NestedProjects) = preSolution
		{F8F3BDB6-9DC0-4650-9DEC-454CE2E616AE} = {A2281DF4-0DF5-4583-9CCC-2120C1D95F83}
		{A0E37FD9-95E7-4481-9826-9B75B76C8D84} = {A2281DF4-0DF5-4583-9CCC-2120C1D95F83}
		{8C4840D8-61F6-4ED5-8396-426B6B19D515} = {A2281DF4-0DF5-4583-9CCC-2120C1D95F83}
		{2D86F945-BAB9-4199-8F40-7FC2EDF2AECF} = {A2281DF4-0DF5-4583-9CCC-2120C1D95F83}
		{1CBEC7FC-1126-4BEA-9805-57498D10B8BF} = {A2281DF4-0DF5-4583-9CCC-2120C1D95F83}
		{CDFDD2F6-E27D-41BA-BDBE-96DD1A3CDA1E} = {DE0B4C53-5F0B-487B-8E32-1D229CA4B62E}
		{8C8904B3-55DB-4C3C-A17F-77E5ACA06333} = {A2281DF4-0DF5-4583-9CCC-2120C1D95F83}
		{500CADF2-5685-434A-A7B8-753AD0F468CF} = {12BDABF0-2DC1-45AC-BB22-CBBB5E609F9C}
	EndGlobalSection
EndGlobal
